
Microsoft Visual Studio Solution File, Format Version 12.00
# Visual Studio Version 17
VisualStudioVersion = 17.11.35222.181
MinimumVisualStudioVersion = 10.0.40219.1
Project("{FAE04EC0-301F-11D3-BF4B-00C04F79EFBC}") = "animation", "animation.csproj", "{1D8A4CAF-ED97-4C19-B36D-353276A70036}"
EndProject
Global
	GlobalSection(SolutionConfigurationPlatforms) = preSolution
		Debug|Any CPU = Debug|Any CPU
		Release|Any CPU = Release|Any CPU
	EndGlobalSection
	GlobalSection(ProjectConfigurationPlatforms) = postSolution
		{1D8A4CAF-ED97-4C19-B36D-353276A70036}.Debug|Any CPU.ActiveCfg = Debug|Any CPU
		{1D8A4CAF-ED97-4C19-B36D-353276A70036}.Debug|Any CPU.Build.0 = Debug|Any CPU
		{1D8A4CAF-ED97-4C19-B36D-353276A70036}.Release|Any CPU.ActiveCfg = Release|Any CPU
		{1D8A4CAF-ED97-4C19-B36D-353276A70036}.Release|Any CPU.Build.0 = Release|Any CPU
	EndGlobalSection
	GlobalSection(SolutionProperties) = preSolution
		HideSolutionNode = FALSE
	EndGlobalSection
	GlobalSection(ExtensibilityGlobals) = postSolution
		SolutionGuid = {AC712ADD-CFCF-4B92-B0C3-659B6970416D}
	EndGlobalSection
EndGlobal
